
Microsoft Visual Studio Solution File, Format Version 12.00
# Visual Studio Version 17
VisualStudioVersion = 17.4.33213.308
MinimumVisualStudioVersion = 10.0.40219.1
Project("{FAE04EC0-301F-11D3-BF4B-00C04F79EFBC}") = "CrudWithAspNet", "CrudWithAspNet\CrudWithAspNet.csproj", "{6532BBD1-4ADC-4C1B-9355-DC077FE208BF}"
EndProject
Global
	GlobalSection(SolutionConfigurationPlatforms) = preSolution
		Debug|Any CPU = Debug|Any CPU
		Release|Any CPU = Release|Any CPU
	EndGlobalSection
	GlobalSection(ProjectConfigurationPlatforms) = postSolution
		{6532BBD1-4ADC-4C1B-9355-DC077FE208BF}.Debug|Any CPU.ActiveCfg = Debug|Any CPU
		{6532BBD1-4ADC-4C1B-9355-DC077FE208BF}.Debug|Any CPU.Build.0 = Debug|Any CPU
		{6532BBD1-4ADC-4C1B-9355-DC077FE208BF}.Release|Any CPU.ActiveCfg = Release|Any CPU
		{6532BBD1-4ADC-4C1B-9355-DC077FE208BF}.Release|Any CPU.Build.0 = Release|Any CPU
	EndGlobalSection
	GlobalSection(SolutionProperties) = preSolution
		HideSolutionNode = FALSE
	EndGlobalSection
	GlobalSection(ExtensibilityGlobals) = postSolution
		SolutionGuid = {96EADD4F-3000-4475-8B9D-073A822CF81B}
	EndGlobalSection
EndGlobal
